
Microsoft Visual Studio Solution File, Format Version 12.00
# Visual Studio Version 16
VisualStudioVersion = 16.0.29709.97
MinimumVisualStudioVersion = 10.0.40219.1
Project("{FAE04EC0-301F-11D3-BF4B-00C04F79EFBC}") = "Books", "Books\Books.csproj", "{28BB333B-236F-48C9-ACAF-CBE5CACB6201}"
EndProject
Project("{FAE04EC0-301F-11D3-BF4B-00C04F79EFBC}") = "BooksLib", "BooksLib\BooksLib.csproj", "{DB8E10C9-F76D-4406-AC85-A71B1E83967B}"
EndProject
Global
	GlobalSection(SolutionConfigurationPlatforms) = preSolution
		Debug|Any CPU = Debug|Any CPU
		Release|Any CPU = Release|Any CPU
	EndGlobalSection
	GlobalSection(ProjectConfigurationPlatforms) = postSolution
		{28BB333B-236F-48C9-ACAF-CBE5CACB6201}.Debug|Any CPU.ActiveCfg = Debug|Any CPU
		{28BB333B-236F-48C9-ACAF-CBE5CACB6201}.Debug|Any CPU.Build.0 = Debug|Any CPU
		{28BB333B-236F-48C9-ACAF-CBE5CACB6201}.Release|Any CPU.ActiveCfg = Release|Any CPU
		{28BB333B-236F-48C9-ACAF-CBE5CACB6201}.Release|Any CPU.Build.0 = Release|Any CPU
		{DB8E10C9-F76D-4406-AC85-A71B1E83967B}.Debug|Any CPU.ActiveCfg = Debug|Any CPU
		{DB8E10C9-F76D-4406-AC85-A71B1E83967B}.Debug|Any CPU.Build.0 = Debug|Any CPU
		{DB8E10C9-F76D-4406-AC85-A71B1E83967B}.Release|Any CPU.ActiveCfg = Release|Any CPU
		{DB8E10C9-F76D-4406-AC85-A71B1E83967B}.Release|Any CPU.Build.0 = Release|Any CPU
	EndGlobalSection
	GlobalSection(SolutionProperties) = preSolution
		HideSolutionNode = FALSE
	EndGlobalSection
	GlobalSection(ExtensibilityGlobals) = postSolution
		SolutionGuid = {DF6E1DD2-96E0-4985-BBA9-325A34CA5D11}
	EndGlobalSection
EndGlobal
